{
  "name": "yolk-app2",
  "lockfileVersion": 3,
  "requires": true,
  "packages": {
    "": {
      "dependencies": {
        "cyrillic-to-translit-js": "^3.2.1"
      }
    },
    "node_modules/cyrillic-to-translit-js": {
      "version": "3.2.1",
      "resolved": "https://registry.npmjs.org/cyrillic-to-translit-js/-/cyrillic-to-translit-js-3.2.1.tgz",
      "integrity": "sha512-HFO+fx4t9J6bfeV5DUKmkzav15ktg+6LDjODj6+CRzrFil8YuzR6wRQiDI7OxwY5q4alCEP+sNEjhdQ65TIDzw==",
      "license": "MIT",
      "dependencies": {
        "lodash.invert": "^4.3.0"
      }
    },
    "node_modules/lodash.invert": {
      "version": "4.3.0",
      "resolved": "https://registry.npmjs.org/lodash.invert/-/lodash.invert-4.3.0.tgz",
      "integrity": "sha512-3CJmOxN5y47rd+g5XjdZNcq2SorJkvlSqBwPomT094p6LZ4p7b5bUoRzYYMjwsTGWTW77z/dFZlCzeVQxBrZVg==",
      "license": "MIT"
    }
  }
}
